// !$*UTF8*$!
{
	archiveVersion = 1;
	classes = {
	};
	objectVersion = 56;
	objects = {

/* Begin PBXBuildFile section */
		B81B3B3F2C0DF273003DD9C8 /* Localized.swift in Sources */ = {isa = PBXBuildFile; fileRef = B81B3B3E2C0DF273003DD9C8 /* Localized.swift */; };
		B85F48A12C06FE7200B8853D /* TravelDetailViewController.swift in Sources */ = {isa = PBXBuildFile; fileRef = B85F48A02C06FE7200B8853D /* TravelDetailViewController.swift */; };
		B85F48A32C06FE8700B8853D /* AdDetailViewController.swift in Sources */ = {isa = PBXBuildFile; fileRef = B85F48A22C06FE8700B8853D /* AdDetailViewController.swift */; };
		B85F48A82C071EC400B8853D /* CityInfo.swift in Sources */ = {isa = PBXBuildFile; fileRef = B85F48A72C071EC400B8853D /* CityInfo.swift */; };
		B85F48AA2C071F6400B8853D /* PopularCityViewController.swift in Sources */ = {isa = PBXBuildFile; fileRef = B85F48A92C071F6400B8853D /* PopularCityViewController.swift */; };
		B85F48AD2C071F8300B8853D /* PopularCityTableViewCell.swift in Sources */ = {isa = PBXBuildFile; fileRef = B85F48AB2C071F8300B8853D /* PopularCityTableViewCell.swift */; };
		B85F48AE2C071F8300B8853D /* PopularCityTableViewCell.xib in Resources */ = {isa = PBXBuildFile; fileRef = B85F48AC2C071F8300B8853D /* PopularCityTableViewCell.xib */; };
		B88C44852C0AD93A0074916B /* TravelTalkViewController.swift in Sources */ = {isa = PBXBuildFile; fileRef = B88C44842C0AD93A0074916B /* TravelTalkViewController.swift */; };
		B88C44892C0AD9550074916B /* TravelTalkTableViewCell.xib in Resources */ = {isa = PBXBuildFile; fileRef = B88C44882C0AD9550074916B /* TravelTalkTableViewCell.xib */; };
		B88C448A2C0AD9550074916B /* TravelTalkTableViewCell.swift in Sources */ = {isa = PBXBuildFile; fileRef = B88C44872C0AD9550074916B /* TravelTalkTableViewCell.swift */; };
		B88C44902C0ADCCA0074916B /* ChattingData.swift in Sources */ = {isa = PBXBuildFile; fileRef = B88C448F2C0ADCCA0074916B /* ChattingData.swift */; };
		B88C44922C0AEC980074916B /* String+Extension.swift in Sources */ = {isa = PBXBuildFile; fileRef = B88C44912C0AEC980074916B /* String+Extension.swift */; };
		B88C44942C0AECA40074916B /* Date+Extension.swift in Sources */ = {isa = PBXBuildFile; fileRef = B88C44932C0AECA40074916B /* Date+Extension.swift */; };
		B88C44972C0B0BC00074916B /* OtherChatBubble.xib in Resources */ = {isa = PBXBuildFile; fileRef = B88C44962C0B0BC00074916B /* OtherChatBubble.xib */; };
		B88C44982C0B0BC00074916B /* OtherChatBubble.swift in Sources */ = {isa = PBXBuildFile; fileRef = B88C44952C0B0BC00074916B /* OtherChatBubble.swift */; };
		B88C449F2C0B11EB0074916B /* UserChatBubble.xib in Resources */ = {isa = PBXBuildFile; fileRef = B88C449E2C0B11EB0074916B /* UserChatBubble.xib */; };
		B88C44A02C0B11EB0074916B /* UserChatBubble.swift in Sources */ = {isa = PBXBuildFile; fileRef = B88C449D2C0B11EB0074916B /* UserChatBubble.swift */; };
		B88C44A22C0B19C50074916B /* ChatDetailViewController.swift in Sources */ = {isa = PBXBuildFile; fileRef = B88C44A12C0B19C50074916B /* ChatDetailViewController.swift */; };
		B89B907B2C023A9E007A7DE1 /* Restaurant.swift in Sources */ = {isa = PBXBuildFile; fileRef = B89B907A2C023A9E007A7DE1 /* Restaurant.swift */; };
		B8C71BA22C01B341007C15C4 /* AppDelegate.swift in Sources */ = {isa = PBXBuildFile; fileRef = B8C71BA12C01B341007C15C4 /* AppDelegate.swift */; };
		B8C71BA42C01B341007C15C4 /* SceneDelegate.swift in Sources */ = {isa = PBXBuildFile; fileRef = B8C71BA32C01B341007C15C4 /* SceneDelegate.swift */; };
		B8C71BA92C01B341007C15C4 /* Base in Resources */ = {isa = PBXBuildFile; fileRef = B8C71BA82C01B341007C15C4 /* Base */; };
		B8C71BAB2C01B342007C15C4 /* Assets.xcassets in Resources */ = {isa = PBXBuildFile; fileRef = B8C71BAA2C01B342007C15C4 /* Assets.xcassets */; };
		B8C71BAE2C01B342007C15C4 /* Base in Resources */ = {isa = PBXBuildFile; fileRef = B8C71BAD2C01B342007C15C4 /* Base */; };
		B8C71BB62C01B357007C15C4 /* MagazineInfo.swift in Sources */ = {isa = PBXBuildFile; fileRef = B8C71BB52C01B357007C15C4 /* MagazineInfo.swift */; };
		B8C71BB92C01B36D007C15C4 /* Magazine.swift in Sources */ = {isa = PBXBuildFile; fileRef = B8C71BB82C01B36D007C15C4 /* Magazine.swift */; };
		B8C71BBC2C01B458007C15C4 /* Kingfisher in Frameworks */ = {isa = PBXBuildFile; productRef = B8C71BBB2C01B458007C15C4 /* Kingfisher */; };
		B8C71BBF2C01B544007C15C4 /* MagazineTableViewCell.swift in Sources */ = {isa = PBXBuildFile; fileRef = B8C71BBE2C01B544007C15C4 /* MagazineTableViewCell.swift */; };
		B8C71BC12C01B556007C15C4 /* MagazineTableViewController.swift in Sources */ = {isa = PBXBuildFile; fileRef = B8C71BC02C01B556007C15C4 /* MagazineTableViewController.swift */; };
		B8D303EF2C0863440054C853 /* RestaurantLocationViewController.swift in Sources */ = {isa = PBXBuildFile; fileRef = B8D303EE2C0863440054C853 /* RestaurantLocationViewController.swift */; };
		B8D303F22C0874870054C853 /* FontManager.swift in Sources */ = {isa = PBXBuildFile; fileRef = B8D303F12C0874870054C853 /* FontManager.swift */; };
		B8F1D2A02C0458890015FD0B /* TravelModel.swift in Sources */ = {isa = PBXBuildFile; fileRef = B8F1D29F2C0458890015FD0B /* TravelModel.swift */; };
		B8F1D2A32C045B760015FD0B /* UIColor+Extension.swift in Sources */ = {isa = PBXBuildFile; fileRef = B8F1D2A22C045B760015FD0B /* UIColor+Extension.swift */; };
		B8F1D2A92C045F3C0015FD0B /* TravelTableViewCell.xib in Resources */ = {isa = PBXBuildFile; fileRef = B8F1D2A82C045F3C0015FD0B /* TravelTableViewCell.xib */; };
		B8F1D2AA2C045F3C0015FD0B /* TravelTableViewCell.swift in Sources */ = {isa = PBXBuildFile; fileRef = B8F1D2A72C045F3C0015FD0B /* TravelTableViewCell.swift */; };
		B8F1D2AD2C045F4B0015FD0B /* AdTableViewCell.xib in Resources */ = {isa = PBXBuildFile; fileRef = B8F1D2AC2C045F4B0015FD0B /* AdTableViewCell.xib */; };
		B8F1D2AE2C045F4B0015FD0B /* AdTableViewCell.swift in Sources */ = {isa = PBXBuildFile; fileRef = B8F1D2AB2C045F4B0015FD0B /* AdTableViewCell.swift */; };
		B8F1D2B12C0460850015FD0B /* Cosmos in Frameworks */ = {isa = PBXBuildFile; productRef = B8F1D2B02C0460850015FD0B /* Cosmos */; };
		B8F1D2B32C046BD90015FD0B /* TravelViewController.swift in Sources */ = {isa = PBXBuildFile; fileRef = B8F1D2B22C046BD90015FD0B /* TravelViewController.swift */; };
		B8F89F5A2C0251B00068B0AA /* RestaurantTableViewController.swift in Sources */ = {isa = PBXBuildFile; fileRef = B8F89F592C0251B00068B0AA /* RestaurantTableViewController.swift */; };
		B8F89F5C2C0251BF0068B0AA /* RestaurantTableViewCell.swift in Sources */ = {isa = PBXBuildFile; fileRef = B8F89F5B2C0251BF0068B0AA /* RestaurantTableViewCell.swift */; };
		B8F89F5F2C0383330068B0AA /* RestaurantManager.swift in Sources */ = {isa = PBXBuildFile; fileRef = B8F89F5E2C0383330068B0AA /* RestaurantManager.swift */; };
/* End PBXBuildFile section */

/* Begin PBXFileReference section */
		B81B3B3E2C0DF273003DD9C8 /* Localized.swift */ = {isa = PBXFileReference; lastKnownFileType = sourcecode.swift; path = Localized.swift; sourceTree = "<group>"; };
		B85F48A02C06FE7200B8853D /* TravelDetailViewController.swift */ = {isa = PBXFileReference; lastKnownFileType = sourcecode.swift; path = TravelDetailViewController.swift; sourceTree = "<group>"; };
		B85F48A22C06FE8700B8853D /* AdDetailViewController.swift */ = {isa = PBXFileReference; lastKnownFileType = sourcecode.swift; path = AdDetailViewController.swift; sourceTree = "<group>"; };
		B85F48A72C071EC400B8853D /* CityInfo.swift */ = {isa = PBXFileReference; fileEncoding = 4; lastKnownFileType = sourcecode.swift; path = CityInfo.swift; sourceTree = "<group>"; };
		B85F48A92C071F6400B8853D /* PopularCityViewController.swift */ = {isa = PBXFileReference; lastKnownFileType = sourcecode.swift; path = PopularCityViewController.swift; sourceTree = "<group>"; };
		B85F48AB2C071F8300B8853D /* PopularCityTableViewCell.swift */ = {isa = PBXFileReference; lastKnownFileType = sourcecode.swift; name = PopularCityTableViewCell.swift; path = TravelMagazine/Main/City/PopularCityTableViewCell.swift; sourceTree = SOURCE_ROOT; };
		B85F48AC2C071F8300B8853D /* PopularCityTableViewCell.xib */ = {isa = PBXFileReference; lastKnownFileType = file.xib; name = PopularCityTableViewCell.xib; path = TravelMagazine/Main/City/PopularCityTableViewCell.xib; sourceTree = SOURCE_ROOT; };
		B88C44842C0AD93A0074916B /* TravelTalkViewController.swift */ = {isa = PBXFileReference; lastKnownFileType = sourcecode.swift; path = TravelTalkViewController.swift; sourceTree = "<group>"; };
		B88C44872C0AD9550074916B /* TravelTalkTableViewCell.swift */ = {isa = PBXFileReference; lastKnownFileType = sourcecode.swift; path = TravelTalkTableViewCell.swift; sourceTree = "<group>"; };
		B88C44882C0AD9550074916B /* TravelTalkTableViewCell.xib */ = {isa = PBXFileReference; lastKnownFileType = file.xib; path = TravelTalkTableViewCell.xib; sourceTree = "<group>"; };
		B88C448F2C0ADCCA0074916B /* ChattingData.swift */ = {isa = PBXFileReference; fileEncoding = 4; lastKnownFileType = sourcecode.swift; path = ChattingData.swift; sourceTree = "<group>"; };
		B88C44912C0AEC980074916B /* String+Extension.swift */ = {isa = PBXFileReference; lastKnownFileType = sourcecode.swift; path = "String+Extension.swift"; sourceTree = "<group>"; };
		B88C44932C0AECA40074916B /* Date+Extension.swift */ = {isa = PBXFileReference; lastKnownFileType = sourcecode.swift; path = "Date+Extension.swift"; sourceTree = "<group>"; };
		B88C44952C0B0BC00074916B /* OtherChatBubble.swift */ = {isa = PBXFileReference; lastKnownFileType = sourcecode.swift; path = OtherChatBubble.swift; sourceTree = "<group>"; };
		B88C44962C0B0BC00074916B /* OtherChatBubble.xib */ = {isa = PBXFileReference; lastKnownFileType = file.xib; path = OtherChatBubble.xib; sourceTree = "<group>"; };
		B88C449D2C0B11EB0074916B /* UserChatBubble.swift */ = {isa = PBXFileReference; lastKnownFileType = sourcecode.swift; path = UserChatBubble.swift; sourceTree = "<group>"; };
		B88C449E2C0B11EB0074916B /* UserChatBubble.xib */ = {isa = PBXFileReference; lastKnownFileType = file.xib; path = UserChatBubble.xib; sourceTree = "<group>"; };
		B88C44A12C0B19C50074916B /* ChatDetailViewController.swift */ = {isa = PBXFileReference; lastKnownFileType = sourcecode.swift; path = ChatDetailViewController.swift; sourceTree = "<group>"; };
		B89B907A2C023A9E007A7DE1 /* Restaurant.swift */ = {isa = PBXFileReference; fileEncoding = 4; lastKnownFileType = sourcecode.swift; path = Restaurant.swift; sourceTree = "<group>"; };
		B8C71B9E2C01B341007C15C4 /* TravelMagazine.app */ = {isa = PBXFileReference; explicitFileType = wrapper.application; includeInIndex = 0; path = TravelMagazine.app; sourceTree = BUILT_PRODUCTS_DIR; };
		B8C71BA12C01B341007C15C4 /* AppDelegate.swift */ = {isa = PBXFileReference; lastKnownFileType = sourcecode.swift; path = AppDelegate.swift; sourceTree = "<group>"; };
		B8C71BA32C01B341007C15C4 /* SceneDelegate.swift */ = {isa = PBXFileReference; lastKnownFileType = sourcecode.swift; path = SceneDelegate.swift; sourceTree = "<group>"; };
		B8C71BA82C01B341007C15C4 /* Base */ = {isa = PBXFileReference; lastKnownFileType = file.storyboard; name = Base; path = Base.lproj/Main.storyboard; sourceTree = "<group>"; };
		B8C71BAA2C01B342007C15C4 /* Assets.xcassets */ = {isa = PBXFileReference; lastKnownFileType = folder.assetcatalog; path = Assets.xcassets; sourceTree = "<group>"; };
		B8C71BAD2C01B342007C15C4 /* Base */ = {isa = PBXFileReference; lastKnownFileType = file.storyboard; name = Base; path = Base.lproj/LaunchScreen.storyboard; sourceTree = "<group>"; };
		B8C71BAF2C01B342007C15C4 /* Info.plist */ = {isa = PBXFileReference; lastKnownFileType = text.plist.xml; path = Info.plist; sourceTree = "<group>"; };
		B8C71BB52C01B357007C15C4 /* MagazineInfo.swift */ = {isa = PBXFileReference; fileEncoding = 4; lastKnownFileType = sourcecode.swift; path = MagazineInfo.swift; sourceTree = "<group>"; };
		B8C71BB82C01B36D007C15C4 /* Magazine.swift */ = {isa = PBXFileReference; lastKnownFileType = sourcecode.swift; path = Magazine.swift; sourceTree = "<group>"; };
		B8C71BBE2C01B544007C15C4 /* MagazineTableViewCell.swift */ = {isa = PBXFileReference; lastKnownFileType = sourcecode.swift; path = MagazineTableViewCell.swift; sourceTree = "<group>"; };
		B8C71BC02C01B556007C15C4 /* MagazineTableViewController.swift */ = {isa = PBXFileReference; lastKnownFileType = sourcecode.swift; path = MagazineTableViewController.swift; sourceTree = "<group>"; };
		B8D303EE2C0863440054C853 /* RestaurantLocationViewController.swift */ = {isa = PBXFileReference; lastKnownFileType = sourcecode.swift; path = RestaurantLocationViewController.swift; sourceTree = "<group>"; };
		B8D303F12C0874870054C853 /* FontManager.swift */ = {isa = PBXFileReference; lastKnownFileType = sourcecode.swift; path = FontManager.swift; sourceTree = "<group>"; };
		B8F1D29F2C0458890015FD0B /* TravelModel.swift */ = {isa = PBXFileReference; fileEncoding = 4; lastKnownFileType = sourcecode.swift; path = TravelModel.swift; sourceTree = "<group>"; };
		B8F1D2A22C045B760015FD0B /* UIColor+Extension.swift */ = {isa = PBXFileReference; lastKnownFileType = sourcecode.swift; path = "UIColor+Extension.swift"; sourceTree = "<group>"; };
		B8F1D2A72C045F3C0015FD0B /* TravelTableViewCell.swift */ = {isa = PBXFileReference; lastKnownFileType = sourcecode.swift; path = TravelTableViewCell.swift; sourceTree = "<group>"; };
		B8F1D2A82C045F3C0015FD0B /* TravelTableViewCell.xib */ = {isa = PBXFileReference; lastKnownFileType = file.xib; path = TravelTableViewCell.xib; sourceTree = "<group>"; };
		B8F1D2AB2C045F4B0015FD0B /* AdTableViewCell.swift */ = {isa = PBXFileReference; lastKnownFileType = sourcecode.swift; path = AdTableViewCell.swift; sourceTree = "<group>"; };
		B8F1D2AC2C045F4B0015FD0B /* AdTableViewCell.xib */ = {isa = PBXFileReference; lastKnownFileType = file.xib; path = AdTableViewCell.xib; sourceTree = "<group>"; };
		B8F1D2B22C046BD90015FD0B /* TravelViewController.swift */ = {isa = PBXFileReference; lastKnownFileType = sourcecode.swift; path = TravelViewController.swift; sourceTree = "<group>"; };
		B8F89F592C0251B00068B0AA /* RestaurantTableViewController.swift */ = {isa = PBXFileReference; lastKnownFileType = sourcecode.swift; path = RestaurantTableViewController.swift; sourceTree = "<group>"; };
		B8F89F5B2C0251BF0068B0AA /* RestaurantTableViewCell.swift */ = {isa = PBXFileReference; lastKnownFileType = sourcecode.swift; path = RestaurantTableViewCell.swift; sourceTree = "<group>"; };
		B8F89F5E2C0383330068B0AA /* RestaurantManager.swift */ = {isa = PBXFileReference; lastKnownFileType = sourcecode.swift; path = RestaurantManager.swift; sourceTree = "<group>"; };
/* End PBXFileReference section */

/* Begin PBXFrameworksBuildPhase section */
		B8C71B9B2C01B341007C15C4 /* Frameworks */ = {
			isa = PBXFrameworksBuildPhase;
			buildActionMask = 2147483647;
			files = (
				B8F1D2B12C0460850015FD0B /* Cosmos in Frameworks */,
				B8C71BBC2C01B458007C15C4 /* Kingfisher in Frameworks */,
			);
			runOnlyForDeploymentPostprocessing = 0;
		};
/* End PBXFrameworksBuildPhase section */

/* Begin PBXGroup section */
		B85F48A42C071E3E00B8853D /* City */ = {
			isa = PBXGroup;
			children = (
				B85F48A92C071F6400B8853D /* PopularCityViewController.swift */,
				B85F48AB2C071F8300B8853D /* PopularCityTableViewCell.swift */,
				B85F48AC2C071F8300B8853D /* PopularCityTableViewCell.xib */,
			);
			path = City;
			sourceTree = "<group>";
		};
		B88C44832C0AD7EA0074916B /* TravelTalk */ = {
			isa = PBXGroup;
			children = (
				B88C44862C0AD93E0074916B /* Cell */,
				B88C44842C0AD93A0074916B /* TravelTalkViewController.swift */,
				B88C44A12C0B19C50074916B /* ChatDetailViewController.swift */,
			);
			path = TravelTalk;
			sourceTree = "<group>";
		};
		B88C44862C0AD93E0074916B /* Cell */ = {
			isa = PBXGroup;
			children = (
				B88C44872C0AD9550074916B /* TravelTalkTableViewCell.swift */,
				B88C44882C0AD9550074916B /* TravelTalkTableViewCell.xib */,
				B88C44952C0B0BC00074916B /* OtherChatBubble.swift */,
				B88C44962C0B0BC00074916B /* OtherChatBubble.xib */,
				B88C449D2C0B11EB0074916B /* UserChatBubble.swift */,
				B88C449E2C0B11EB0074916B /* UserChatBubble.xib */,
			);
			path = Cell;
			sourceTree = "<group>";
		};
		B8C71B952C01B341007C15C4 = {
			isa = PBXGroup;
			children = (
				B8C71BA02C01B341007C15C4 /* TravelMagazine */,
				B8C71B9F2C01B341007C15C4 /* Products */,
			);
			sourceTree = "<group>";
		};
		B8C71B9F2C01B341007C15C4 /* Products */ = {
			isa = PBXGroup;
			children = (
				B8C71B9E2C01B341007C15C4 /* TravelMagazine.app */,
			);
			name = Products;
			sourceTree = "<group>";
		};
		B8C71BA02C01B341007C15C4 /* TravelMagazine */ = {
			isa = PBXGroup;
			children = (
				B8D303F02C0874740054C853 /* Utils */,
				B8C71BA72C01B341007C15C4 /* Main.storyboard */,
				B8F1D2A12C045B6B0015FD0B /* Extension */,
				B8C71BB72C01B35A007C15C4 /* Model */,
				B8C71BBD2C01B4B7007C15C4 /* Main */,
				B8C71BA12C01B341007C15C4 /* AppDelegate.swift */,
				B8C71BA32C01B341007C15C4 /* SceneDelegate.swift */,
				B8C71BAA2C01B342007C15C4 /* Assets.xcassets */,
				B8C71BAC2C01B342007C15C4 /* LaunchScreen.storyboard */,
				B8C71BAF2C01B342007C15C4 /* Info.plist */,
			);
			path = TravelMagazine;
			sourceTree = "<group>";
		};
		B8C71BB72C01B35A007C15C4 /* Model */ = {
			isa = PBXGroup;
			children = (
				B88C448F2C0ADCCA0074916B /* ChattingData.swift */,
				B85F48A72C071EC400B8853D /* CityInfo.swift */,
				B8F1D29F2C0458890015FD0B /* TravelModel.swift */,
				B89B907A2C023A9E007A7DE1 /* Restaurant.swift */,
				B8C71BB52C01B357007C15C4 /* MagazineInfo.swift */,
				B8C71BB82C01B36D007C15C4 /* Magazine.swift */,
			);
			path = Model;
			sourceTree = "<group>";
		};
		B8C71BBD2C01B4B7007C15C4 /* Main */ = {
			isa = PBXGroup;
			children = (
				B88C44832C0AD7EA0074916B /* TravelTalk */,
				B85F48A42C071E3E00B8853D /* City */,
				B8F1D2A62C045F260015FD0B /* Restaurant */,
				B8F1D2A52C045F1B0015FD0B /* Travel */,
				B8F1D2A42C045F120015FD0B /* Magazine */,
			);
			path = Main;
			sourceTree = "<group>";
		};
		B8D303F02C0874740054C853 /* Utils */ = {
			isa = PBXGroup;
			children = (
				B8D303F12C0874870054C853 /* FontManager.swift */,
				B81B3B3E2C0DF273003DD9C8 /* Localized.swift */,
			);
			path = Utils;
			sourceTree = "<group>";
		};
		B8F1D2A12C045B6B0015FD0B /* Extension */ = {
			isa = PBXGroup;
			children = (
				B8F1D2A22C045B760015FD0B /* UIColor+Extension.swift */,
				B88C44912C0AEC980074916B /* String+Extension.swift */,
				B88C44932C0AECA40074916B /* Date+Extension.swift */,
			);
			path = Extension;
			sourceTree = "<group>";
		};
		B8F1D2A42C045F120015FD0B /* Magazine */ = {
			isa = PBXGroup;
			children = (
				B8C71BBE2C01B544007C15C4 /* MagazineTableViewCell.swift */,
				B8C71BC02C01B556007C15C4 /* MagazineTableViewController.swift */,
			);
			path = Magazine;
			sourceTree = "<group>";
		};
		B8F1D2A52C045F1B0015FD0B /* Travel */ = {
			isa = PBXGroup;
			children = (
				B8F1D2B22C046BD90015FD0B /* TravelViewController.swift */,
				B8F1D2A72C045F3C0015FD0B /* TravelTableViewCell.swift */,
				B8F1D2A82C045F3C0015FD0B /* TravelTableViewCell.xib */,
				B85F48A02C06FE7200B8853D /* TravelDetailViewController.swift */,
				B8F1D2AB2C045F4B0015FD0B /* AdTableViewCell.swift */,
				B8F1D2AC2C045F4B0015FD0B /* AdTableViewCell.xib */,
				B85F48A22C06FE8700B8853D /* AdDetailViewController.swift */,
			);
			path = Travel;
			sourceTree = "<group>";
		};
		B8F1D2A62C045F260015FD0B /* Restaurant */ = {
			isa = PBXGroup;
			children = (
				B8F89F5D2C0383100068B0AA /* Controller */,
				B8F89F592C0251B00068B0AA /* RestaurantTableViewController.swift */,
				B8F89F5B2C0251BF0068B0AA /* RestaurantTableViewCell.swift */,
			);
			path = Restaurant;
			sourceTree = "<group>";
		};
		B8F89F5D2C0383100068B0AA /* Controller */ = {
			isa = PBXGroup;
			children = (
				B8F89F5E2C0383330068B0AA /* RestaurantManager.swift */,
				B8D303EE2C0863440054C853 /* RestaurantLocationViewController.swift */,
			);
			path = Controller;
			sourceTree = "<group>";
		};
/* End PBXGroup section */

/* Begin PBXNativeTarget section */
		B8C71B9D2C01B341007C15C4 /* TravelMagazine */ = {
			isa = PBXNativeTarget;
			buildConfigurationList = B8C71BB22C01B342007C15C4 /* Build configuration list for PBXNativeTarget "TravelMagazine" */;
			buildPhases = (
				B8C71B9A2C01B341007C15C4 /* Sources */,
				B8C71B9B2C01B341007C15C4 /* Frameworks */,
				B8C71B9C2C01B341007C15C4 /* Resources */,
			);
			buildRules = (
			);
			dependencies = (
			);
			name = TravelMagazine;
			packageProductDependencies = (
				B8C71BBB2C01B458007C15C4 /* Kingfisher */,
				B8F1D2B02C0460850015FD0B /* Cosmos */,
			);
			productName = TravelMagazine;
			productReference = B8C71B9E2C01B341007C15C4 /* TravelMagazine.app */;
			productType = "com.apple.product-type.application";
		};
/* End PBXNativeTarget section */

/* Begin PBXProject section */
		B8C71B962C01B341007C15C4 /* Project object */ = {
			isa = PBXProject;
			attributes = {
				BuildIndependentTargetsInParallel = 1;
				LastSwiftUpdateCheck = 1530;
				LastUpgradeCheck = 1530;
				TargetAttributes = {
					B8C71B9D2C01B341007C15C4 = {
						CreatedOnToolsVersion = 15.3;
					};
				};
			};
			buildConfigurationList = B8C71B992C01B341007C15C4 /* Build configuration list for PBXProject "TravelMagazine" */;
			compatibilityVersion = "Xcode 14.0";
			developmentRegion = en;
			hasScannedForEncodings = 0;
			knownRegions = (
				en,
				Base,
			);
			mainGroup = B8C71B952C01B341007C15C4;
			packageReferences = (
				B8C71BBA2C01B458007C15C4 /* XCRemoteSwiftPackageReference "Kingfisher" */,
				B8F1D2AF2C0460850015FD0B /* XCRemoteSwiftPackageReference "Cosmos" */,
			);
			productRefGroup = B8C71B9F2C01B341007C15C4 /* Products */;
			projectDirPath = "";
			projectRoot = "";
			targets = (
				B8C71B9D2C01B341007C15C4 /* TravelMagazine */,
			);
		};
/* End PBXProject section */

/* Begin PBXResourcesBuildPhase section */
		B8C71B9C2C01B341007C15C4 /* Resources */ = {
			isa = PBXResourcesBuildPhase;
			buildActionMask = 2147483647;
			files = (
				B85F48AE2C071F8300B8853D /* PopularCityTableViewCell.xib in Resources */,
				B88C449F2C0B11EB0074916B /* UserChatBubble.xib in Resources */,
				B88C44892C0AD9550074916B /* TravelTalkTableViewCell.xib in Resources */,
				B8F1D2AD2C045F4B0015FD0B /* AdTableViewCell.xib in Resources */,
				B8C71BAB2C01B342007C15C4 /* Assets.xcassets in Resources */,
				B8F1D2A92C045F3C0015FD0B /* TravelTableViewCell.xib in Resources */,
				B8C71BAE2C01B342007C15C4 /* Base in Resources */,
				B88C44972C0B0BC00074916B /* OtherChatBubble.xib in Resources */,
				B8C71BA92C01B341007C15C4 /* Base in Resources */,
			);
			runOnlyForDeploymentPostprocessing = 0;
		};
/* End PBXResourcesBuildPhase section */

/* Begin PBXSourcesBuildPhase section */
		B8C71B9A2C01B341007C15C4 /* Sources */ = {
			isa = PBXSourcesBuildPhase;
			buildActionMask = 2147483647;
			files = (
				B8C71BB92C01B36D007C15C4 /* Magazine.swift in Sources */,
				B8C71BBF2C01B544007C15C4 /* MagazineTableViewCell.swift in Sources */,
				B8C71BB62C01B357007C15C4 /* MagazineInfo.swift in Sources */,
				B85F48AA2C071F6400B8853D /* PopularCityViewController.swift in Sources */,
				B81B3B3F2C0DF273003DD9C8 /* Localized.swift in Sources */,
				B8F1D2A32C045B760015FD0B /* UIColor+Extension.swift in Sources */,
				B88C448A2C0AD9550074916B /* TravelTalkTableViewCell.swift in Sources */,
				B89B907B2C023A9E007A7DE1 /* Restaurant.swift in Sources */,
				B8D303F22C0874870054C853 /* FontManager.swift in Sources */,
				B8D303EF2C0863440054C853 /* RestaurantLocationViewController.swift in Sources */,
				B8C71BC12C01B556007C15C4 /* MagazineTableViewController.swift in Sources */,
				B88C44982C0B0BC00074916B /* OtherChatBubble.swift in Sources */,
				B88C44A22C0B19C50074916B /* ChatDetailViewController.swift in Sources */,
				B85F48A12C06FE7200B8853D /* TravelDetailViewController.swift in Sources */,
				B8F1D2AE2C045F4B0015FD0B /* AdTableViewCell.swift in Sources */,
				B8C71BA22C01B341007C15C4 /* AppDelegate.swift in Sources */,
				B85F48A32C06FE8700B8853D /* AdDetailViewController.swift in Sources */,
				B88C44902C0ADCCA0074916B /* ChattingData.swift in Sources */,
				B8F89F5F2C0383330068B0AA /* RestaurantManager.swift in Sources */,
				B8F1D2B32C046BD90015FD0B /* TravelViewController.swift in Sources */,
				B88C44A02C0B11EB0074916B /* UserChatBubble.swift in Sources */,
				B8F89F5A2C0251B00068B0AA /* RestaurantTableViewController.swift in Sources */,
				B88C44922C0AEC980074916B /* String+Extension.swift in Sources */,
				B8F1D2AA2C045F3C0015FD0B /* TravelTableViewCell.swift in Sources */,
				B8F89F5C2C0251BF0068B0AA /* RestaurantTableViewCell.swift in Sources */,
				B85F48AD2C071F8300B8853D /* PopularCityTableViewCell.swift in Sources */,
				B8F1D2A02C0458890015FD0B /* TravelModel.swift in Sources */,
				B85F48A82C071EC400B8853D /* CityInfo.swift in Sources */,
				B88C44942C0AECA40074916B /* Date+Extension.swift in Sources */,
				B88C44852C0AD93A0074916B /* TravelTalkViewController.swift in Sources */,
				B8C71BA42C01B341007C15C4 /* SceneDelegate.swift in Sources */,
			);
			runOnlyForDeploymentPostprocessing = 0;
		};
/* End PBXSourcesBuildPhase section */

/* Begin PBXVariantGroup section */
		B8C71BA72C01B341007C15C4 /* Main.storyboard */ = {
			isa = PBXVariantGroup;
			children = (
				B8C71BA82C01B341007C15C4 /* Base */,
			);
			name = Main.storyboard;
			sourceTree = "<group>";
		};
		B8C71BAC2C01B342007C15C4 /* LaunchScreen.storyboard */ = {
			isa = PBXVariantGroup;
			children = (
				B8C71BAD2C01B342007C15C4 /* Base */,
			);
			name = LaunchScreen.storyboard;
			sourceTree = "<group>";
		};
/* End PBXVariantGroup section */

/* Begin XCBuildConfiguration section */
		B8C71BB02C01B342007C15C4 /* Debug */ = {
			isa = XCBuildConfiguration;
			buildSettings = {
				ALWAYS_SEARCH_USER_PATHS = NO;
				ASSETCATALOG_COMPILER_GENERATE_SWIFT_ASSET_SYMBOL_EXTENSIONS = YES;
				CLANG_ANALYZER_NONNULL = YES;
				CLANG_ANALYZER_NUMBER_OBJECT_CONVERSION = YES_AGGRESSIVE;
				CLANG_CXX_LANGUAGE_STANDARD = "gnu++20";
				CLANG_ENABLE_MODULES = YES;
				CLANG_ENABLE_OBJC_ARC = YES;
				CLANG_ENABLE_OBJC_WEAK = YES;
				CLANG_WARN_BLOCK_CAPTURE_AUTORELEASING = YES;
				CLANG_WARN_BOOL_CONVERSION = YES;
				CLANG_WARN_COMMA = YES;
				CLANG_WARN_CONSTANT_CONVERSION = YES;
				CLANG_WARN_DEPRECATED_OBJC_IMPLEMENTATIONS = YES;
				CLANG_WARN_DIRECT_OBJC_ISA_USAGE = YES_ERROR;
				CLANG_WARN_DOCUMENTATION_COMMENTS = YES;
				CLANG_WARN_EMPTY_BODY = YES;
				CLANG_WARN_ENUM_CONVERSION = YES;
				CLANG_WARN_INFINITE_RECURSION = YES;
				CLANG_WARN_INT_CONVERSION = YES;
				CLANG_WARN_NON_LITERAL_NULL_CONVERSION = YES;
				CLANG_WARN_OBJC_IMPLICIT_RETAIN_SELF = YES;
				CLANG_WARN_OBJC_LITERAL_CONVERSION = YES;
				CLANG_WARN_OBJC_ROOT_CLASS = YES_ERROR;
				CLANG_WARN_QUOTED_INCLUDE_IN_FRAMEWORK_HEADER = YES;
				CLANG_WARN_RANGE_LOOP_ANALYSIS = YES;
				CLANG_WARN_STRICT_PROTOTYPES = YES;
				CLANG_WARN_SUSPICIOUS_MOVE = YES;
				CLANG_WARN_UNGUARDED_AVAILABILITY = YES_AGGRESSIVE;
				CLANG_WARN_UNREACHABLE_CODE = YES;
				CLANG_WARN__DUPLICATE_METHOD_MATCH = YES;
				COPY_PHASE_STRIP = NO;
				DEBUG_INFORMATION_FORMAT = dwarf;
				ENABLE_STRICT_OBJC_MSGSEND = YES;
				ENABLE_TESTABILITY = YES;
				ENABLE_USER_SCRIPT_SANDBOXING = YES;
				GCC_C_LANGUAGE_STANDARD = gnu17;
				GCC_DYNAMIC_NO_PIC = NO;
				GCC_NO_COMMON_BLOCKS = YES;
				GCC_OPTIMIZATION_LEVEL = 0;
				GCC_PREPROCESSOR_DEFINITIONS = (
					"DEBUG=1",
					"$(inherited)",
				);
				GCC_WARN_64_TO_32_BIT_CONVERSION = YES;
				GCC_WARN_ABOUT_RETURN_TYPE = YES_ERROR;
				GCC_WARN_UNDECLARED_SELECTOR = YES;
				GCC_WARN_UNINITIALIZED_AUTOS = YES_AGGRESSIVE;
				GCC_WARN_UNUSED_FUNCTION = YES;
				GCC_WARN_UNUSED_VARIABLE = YES;
				IPHONEOS_DEPLOYMENT_TARGET = 17.4;
				LOCALIZATION_PREFERS_STRING_CATALOGS = YES;
				MTL_ENABLE_DEBUG_INFO = INCLUDE_SOURCE;
				MTL_FAST_MATH = YES;
				ONLY_ACTIVE_ARCH = YES;
				SDKROOT = iphoneos;
				SWIFT_ACTIVE_COMPILATION_CONDITIONS = "DEBUG $(inherited)";
				SWIFT_OPTIMIZATION_LEVEL = "-Onone";
			};
			name = Debug;
		};
		B8C71BB12C01B342007C15C4 /* Release */ = {
			isa = XCBuildConfiguration;
			buildSettings = {
				ALWAYS_SEARCH_USER_PATHS = NO;
				ASSETCATALOG_COMPILER_GENERATE_SWIFT_ASSET_SYMBOL_EXTENSIONS = YES;
				CLANG_ANALYZER_NONNULL = YES;
				CLANG_ANALYZER_NUMBER_OBJECT_CONVERSION = YES_AGGRESSIVE;
				CLANG_CXX_LANGUAGE_STANDARD = "gnu++20";
				CLANG_ENABLE_MODULES = YES;
				CLANG_ENABLE_OBJC_ARC = YES;
				CLANG_ENABLE_OBJC_WEAK = YES;
				CLANG_WARN_BLOCK_CAPTURE_AUTORELEASING = YES;
				CLANG_WARN_BOOL_CONVERSION = YES;
				CLANG_WARN_COMMA = YES;
				CLANG_WARN_CONSTANT_CONVERSION = YES;
				CLANG_WARN_DEPRECATED_OBJC_IMPLEMENTATIONS = YES;
				CLANG_WARN_DIRECT_OBJC_ISA_USAGE = YES_ERROR;
				CLANG_WARN_DOCUMENTATION_COMMENTS = YES;
				CLANG_WARN_EMPTY_BODY = YES;
				CLANG_WARN_ENUM_CONVERSION = YES;
				CLANG_WARN_INFINITE_RECURSION = YES;
				CLANG_WARN_INT_CONVERSION = YES;
				CLANG_WARN_NON_LITERAL_NULL_CONVERSION = YES;
				CLANG_WARN_OBJC_IMPLICIT_RETAIN_SELF = YES;
				CLANG_WARN_OBJC_LITERAL_CONVERSION = YES;
				CLANG_WARN_OBJC_ROOT_CLASS = YES_ERROR;
				CLANG_WARN_QUOTED_INCLUDE_IN_FRAMEWORK_HEADER = YES;
				CLANG_WARN_RANGE_LOOP_ANALYSIS = YES;
				CLANG_WARN_STRICT_PROTOTYPES = YES;
				CLANG_WARN_SUSPICIOUS_MOVE = YES;
				CLANG_WARN_UNGUARDED_AVAILABILITY = YES_AGGRESSIVE;
				CLANG_WARN_UNREACHABLE_CODE = YES;
				CLANG_WARN__DUPLICATE_METHOD_MATCH = YES;
				COPY_PHASE_STRIP = NO;
				DEBUG_INFORMATION_FORMAT = "dwarf-with-dsym";
				ENABLE_NS_ASSERTIONS = NO;
				ENABLE_STRICT_OBJC_MSGSEND = YES;
				ENABLE_USER_SCRIPT_SANDBOXING = YES;
				GCC_C_LANGUAGE_STANDARD = gnu17;
				GCC_NO_COMMON_BLOCKS = YES;
				GCC_WARN_64_TO_32_BIT_CONVERSION = YES;
				GCC_WARN_ABOUT_RETURN_TYPE = YES_ERROR;
				GCC_WARN_UNDECLARED_SELECTOR = YES;
				GCC_WARN_UNINITIALIZED_AUTOS = YES_AGGRESSIVE;
				GCC_WARN_UNUSED_FUNCTION = YES;
				GCC_WARN_UNUSED_VARIABLE = YES;
				IPHONEOS_DEPLOYMENT_TARGET = 17.4;
				LOCALIZATION_PREFERS_STRING_CATALOGS = YES;
				MTL_ENABLE_DEBUG_INFO = NO;
				MTL_FAST_MATH = YES;
				SDKROOT = iphoneos;
				SWIFT_COMPILATION_MODE = wholemodule;
				VALIDATE_PRODUCT = YES;
			};
			name = Release;
		};
		B8C71BB32C01B342007C15C4 /* Debug */ = {
			isa = XCBuildConfiguration;
			buildSettings = {
				ASSETCATALOG_COMPILER_APPICON_NAME = AppIcon;
				ASSETCATALOG_COMPILER_GLOBAL_ACCENT_COLOR_NAME = AccentColor;
				CODE_SIGN_STYLE = Automatic;
				CURRENT_PROJECT_VERSION = 1;
				DEVELOPMENT_TEAM = 9N9NGPM747;
				GENERATE_INFOPLIST_FILE = YES;
				INFOPLIST_FILE = TravelMagazine/Info.plist;
				INFOPLIST_KEY_UIApplicationSupportsIndirectInputEvents = YES;
				INFOPLIST_KEY_UILaunchStoryboardName = LaunchScreen;
				INFOPLIST_KEY_UIMainStoryboardFile = Main;
				INFOPLIST_KEY_UISupportedInterfaceOrientations_iPad = "UIInterfaceOrientationPortrait UIInterfaceOrientationPortraitUpsideDown UIInterfaceOrientationLandscapeLeft UIInterfaceOrientationLandscapeRight";
				INFOPLIST_KEY_UISupportedInterfaceOrientations_iPhone = "UIInterfaceOrientationPortrait UIInterfaceOrientationLandscapeLeft UIInterfaceOrientationLandscapeRight";
				LD_RUNPATH_SEARCH_PATHS = (
					"$(inherited)",
					"@executable_path/Frameworks",
				);
				MARKETING_VERSION = 1.0;
				PRODUCT_BUNDLE_IDENTIFIER = com.yeji.TravelMagazine;
				PRODUCT_NAME = "$(TARGET_NAME)";
				SUPPORTED_PLATFORMS = "iphoneos iphonesimulator";
				SUPPORTS_MACCATALYST = NO;
				SUPPORTS_MAC_DESIGNED_FOR_IPHONE_IPAD = NO;
				SUPPORTS_XR_DESIGNED_FOR_IPHONE_IPAD = NO;
				SWIFT_EMIT_LOC_STRINGS = YES;
				SWIFT_VERSION = 5.0;
				TARGETED_DEVICE_FAMILY = 1;
			};
			name = Debug;
		};
		B8C71BB42C01B342007C15C4 /* Release */ = {
			isa = XCBuildConfiguration;
			buildSettings = {
				ASSETCATALOG_COMPILER_APPICON_NAME = AppIcon;
				ASSETCATALOG_COMPILER_GLOBAL_ACCENT_COLOR_NAME = AccentColor;
				CODE_SIGN_STYLE = Automatic;
				CURRENT_PROJECT_VERSION = 1;
				DEVELOPMENT_TEAM = 9N9NGPM747;
				GENERATE_INFOPLIST_FILE = YES;
				INFOPLIST_FILE = TravelMagazine/Info.plist;
				INFOPLIST_KEY_UIApplicationSupportsIndirectInputEvents = YES;
				INFOPLIST_KEY_UILaunchStoryboardName = LaunchScreen;
				INFOPLIST_KEY_UIMainStoryboardFile = Main;
				INFOPLIST_KEY_UISupportedInterfaceOrientations_iPad = "UIInterfaceOrientationPortrait UIInterfaceOrientationPortraitUpsideDown UIInterfaceOrientationLandscapeLeft UIInterfaceOrientationLandscapeRight";
				INFOPLIST_KEY_UISupportedInterfaceOrientations_iPhone = "UIInterfaceOrientationPortrait UIInterfaceOrientationLandscapeLeft UIInterfaceOrientationLandscapeRight";
				LD_RUNPATH_SEARCH_PATHS = (
					"$(inherited)",
					"@executable_path/Frameworks",
				);
				MARKETING_VERSION = 1.0;
				PRODUCT_BUNDLE_IDENTIFIER = com.yeji.TravelMagazine;
				PRODUCT_NAME = "$(TARGET_NAME)";
				SUPPORTED_PLATFORMS = "iphoneos iphonesimulator";
				SUPPORTS_MACCATALYST = NO;
				SUPPORTS_MAC_DESIGNED_FOR_IPHONE_IPAD = NO;
				SUPPORTS_XR_DESIGNED_FOR_IPHONE_IPAD = NO;
				SWIFT_EMIT_LOC_STRINGS = YES;
				SWIFT_VERSION = 5.0;
				TARGETED_DEVICE_FAMILY = 1;
			};
			name = Release;
		};
/* End XCBuildConfiguration section */

/* Begin XCConfigurationList section */
		B8C71B992C01B341007C15C4 /* Build configuration list for PBXProject "TravelMagazine" */ = {
			isa = XCConfigurationList;
			buildConfigurations = (
				B8C71BB02C01B342007C15C4 /* Debug */,
				B8C71BB12C01B342007C15C4 /* Release */,
			);
			defaultConfigurationIsVisible = 0;
			defaultConfigurationName = Release;
		};
		B8C71BB22C01B342007C15C4 /* Build configuration list for PBXNativeTarget "TravelMagazine" */ = {
			isa = XCConfigurationList;
			buildConfigurations = (
				B8C71BB32C01B342007C15C4 /* Debug */,
				B8C71BB42C01B342007C15C4 /* Release */,
			);
			defaultConfigurationIsVisible = 0;
			defaultConfigurationName = Release;
		};
/* End XCConfigurationList section */

/* Begin XCRemoteSwiftPackageReference section */
		B8C71BBA2C01B458007C15C4 /* XCRemoteSwiftPackageReference "Kingfisher" */ = {
			isa = XCRemoteSwiftPackageReference;
			repositoryURL = "https://github.com/onevcat/Kingfisher.git";
			requirement = {
				kind = upToNextMajorVersion;
				minimumVersion = 7.11.0;
			};
		};
		B8F1D2AF2C0460850015FD0B /* XCRemoteSwiftPackageReference "Cosmos" */ = {
			isa = XCRemoteSwiftPackageReference;
			repositoryURL = "https://github.com/evgenyneu/Cosmos.git";
			requirement = {
				kind = upToNextMajorVersion;
				minimumVersion = 25.0.1;
			};
		};
/* End XCRemoteSwiftPackageReference section */

/* Begin XCSwiftPackageProductDependency section */
		B8C71BBB2C01B458007C15C4 /* Kingfisher */ = {
			isa = XCSwiftPackageProductDependency;
			package = B8C71BBA2C01B458007C15C4 /* XCRemoteSwiftPackageReference "Kingfisher" */;
			productName = Kingfisher;
		};
		B8F1D2B02C0460850015FD0B /* Cosmos */ = {
			isa = XCSwiftPackageProductDependency;
			package = B8F1D2AF2C0460850015FD0B /* XCRemoteSwiftPackageReference "Cosmos" */;
			productName = Cosmos;
		};
/* End XCSwiftPackageProductDependency section */
	};
	rootObject = B8C71B962C01B341007C15C4 /* Project object */;
}
